
Microsoft Visual Studio Solution File, Format Version 12.00
# Visual Studio Version 17
VisualStudioVersion = 17.8.34316.72
MinimumVisualStudioVersion = 10.0.40219.1
Project("{888888A0-9F3D-457C-B088-3A5042F75D52}") = "NIR", "NIR\NIR.pyproj", "{3D3F6FCE-ACDF-4B76-9EB3-B094393B4EB7}"
EndProject
Global
	GlobalSection(SolutionConfigurationPlatforms) = preSolution
		Debug|Any CPU = Debug|Any CPU
		Release|Any CPU = Release|Any CPU
	EndGlobalSection
	GlobalSection(ProjectConfigurationPlatforms) = postSolution
		{3D3F6FCE-ACDF-4B76-9EB3-B094393B4EB7}.Debug|Any CPU.ActiveCfg = Debug|Any CPU
		{3D3F6FCE-ACDF-4B76-9EB3-B094393B4EB7}.Release|Any CPU.ActiveCfg = Release|Any CPU
	EndGlobalSection
	GlobalSection(SolutionProperties) = preSolution
		HideSolutionNode = FALSE
	EndGlobalSection
	GlobalSection(ExtensibilityGlobals) = postSolution
		SolutionGuid = {C96B7F5D-1415-43B4-A9A3-2B1FC2B2FE42}
	EndGlobalSection
EndGlobal
